
Microsoft Visual Studio Solution File, Format Version 12.00
# Visual Studio Version 17
VisualStudioVersion = 17.9.34902.65
MinimumVisualStudioVersion = 10.0.40219.1
Project("{8BC9CEB8-8B4A-11D0-8D11-00A0C91BC942}") = "Logical Operators", "Logical Operators\Logical Operators.vcxproj", "{2CDBED30-A203-42E9-BA20-76110E3F3E3D}"
EndProject
Global
	GlobalSection(SolutionConfigurationPlatforms) = preSolution
		Debug|x64 = Debug|x64
		Debug|x86 = Debug|x86
		Release|x64 = Release|x64
		Release|x86 = Release|x86
	EndGlobalSection
	GlobalSection(ProjectConfigurationPlatforms) = postSolution
		{2CDBED30-A203-42E9-BA20-76110E3F3E3D}.Debug|x64.ActiveCfg = Debug|x64
		{2CDBED30-A203-42E9-BA20-76110E3F3E3D}.Debug|x64.Build.0 = Debug|x64
		{2CDBED30-A203-42E9-BA20-76110E3F3E3D}.Debug|x86.ActiveCfg = Debug|Win32
		{2CDBED30-A203-42E9-BA20-76110E3F3E3D}.Debug|x86.Build.0 = Debug|Win32
		{2CDBED30-A203-42E9-BA20-76110E3F3E3D}.Release|x64.ActiveCfg = Release|x64
		{2CDBED30-A203-42E9-BA20-76110E3F3E3D}.Release|x64.Build.0 = Release|x64
		{2CDBED30-A203-42E9-BA20-76110E3F3E3D}.Release|x86.ActiveCfg = Release|Win32
		{2CDBED30-A203-42E9-BA20-76110E3F3E3D}.Release|x86.Build.0 = Release|Win32
	EndGlobalSection
	GlobalSection(SolutionProperties) = preSolution
		HideSolutionNode = FALSE
	EndGlobalSection
	GlobalSection(ExtensibilityGlobals) = postSolution
		SolutionGuid = {CF03BB1F-0B6E-4A02-83BC-D8B08DF43709}
	EndGlobalSection
EndGlobal
